
Microsoft Visual Studio Solution File, Format Version 12.00
# Visual Studio 14
VisualStudioVersion = 14.0.24720.0
MinimumVisualStudioVersion = 10.0.40219.1
Project("{2150E333-8FDC-42A3-9474-1A3956D46DE8}") = "src", "src", "{67363DF1-07BE-4E4B-887E-B98AA9810A87}"
EndProject
Project("{2150E333-8FDC-42A3-9474-1A3956D46DE8}") = "Solution Items", "Solution Items", "{BDA3C23E-4373-459C-B13D-5A07912E6CBC}"
	ProjectSection(SolutionItems) = preProject
		global.json = global.json
	EndProjectSection
EndProject
Project("{8BB2217D-0F2D-49D1-97BC-3654ED321F3B}") = "CraigsUtilityLibrary", "src\CraigsUtilityLibrary\CraigsUtilityLibrary.xproj", "{97EEC972-7744-453A-97B8-DE7837249899}"
EndProject
Project("{2150E333-8FDC-42A3-9474-1A3956D46DE8}") = "test", "test", "{F5520187-7C79-4EF9-8C24-1DEB623C262A}"
EndProject
Project("{8BB2217D-0F2D-49D1-97BC-3654ED321F3B}") = "CraigsUtilityLibrary.Test", "test\CraigsUtilityLibrary.Test\CraigsUtilityLibrary.Test.xproj", "{4D45D642-EB12-442B-9C50-6014EEA2844B}"
EndProject
Global
	GlobalSection(SolutionConfigurationPlatforms) = preSolution
		Debug|Any CPU = Debug|Any CPU
		Release|Any CPU = Release|Any CPU
	EndGlobalSection
	GlobalSection(ProjectConfigurationPlatforms) = postSolution
		{97EEC972-7744-453A-97B8-DE7837249899}.Debug|Any CPU.ActiveCfg = Debug|Any CPU
		{97EEC972-7744-453A-97B8-DE7837249899}.Debug|Any CPU.Build.0 = Debug|Any CPU
		{97EEC972-7744-453A-97B8-DE7837249899}.Release|Any CPU.ActiveCfg = Release|Any CPU
		{97EEC972-7744-453A-97B8-DE7837249899}.Release|Any CPU.Build.0 = Release|Any CPU
		{4D45D642-EB12-442B-9C50-6014EEA2844B}.Debug|Any CPU.ActiveCfg = Debug|Any CPU
		{4D45D642-EB12-442B-9C50-6014EEA2844B}.Debug|Any CPU.Build.0 = Debug|Any CPU
		{4D45D642-EB12-442B-9C50-6014EEA2844B}.Release|Any CPU.ActiveCfg = Release|Any CPU
		{4D45D642-EB12-442B-9C50-6014EEA2844B}.Release|Any CPU.Build.0 = Release|Any CPU
	EndGlobalSection
	GlobalSection(SolutionProperties) = preSolution
		HideSolutionNode = FALSE
	EndGlobalSection
	GlobalSection(NestedProjects) = preSolution
		{97EEC972-7744-453A-97B8-DE7837249899} = {67363DF1-07BE-4E4B-887E-B98AA9810A87}
		{4D45D642-EB12-442B-9C50-6014EEA2844B} = {F5520187-7C79-4EF9-8C24-1DEB623C262A}
	EndGlobalSection
EndGlobal
