
Microsoft Visual Studio Solution File, Format Version 12.00
# Visual Studio 2012
Project("{FAE04EC0-301F-11D3-BF4B-00C04F79EFBC}") = "Utilities", "Utilities\Utilities.csproj", "{8CBB9127-9E86-4DEB-A2A0-EE2F8DB946FC}"
EndProject
Project("{FAE04EC0-301F-11D3-BF4B-00C04F79EFBC}") = "UnitTests", "UnitTests\UnitTests.csproj", "{8DAE7D5D-741C-42A2-94B3-D241412F060D}"
EndProject
Project("{2150E333-8FDC-42A3-9474-1A3956D46DE8}") = "IndividualNamespaces", "IndividualNamespaces", "{C46A73AB-E02B-4197-A54F-B12E5C1453D8}"
EndProject
Project("{2150E333-8FDC-42A3-9474-1A3956D46DE8}") = ".nuget", ".nuget", "{412A2B18-80BD-49E9-A3A7-B8556548B744}"
	ProjectSection(SolutionItems) = preProject
		.nuget\NuGet.Config = .nuget\NuGet.Config
		.nuget\NuGet.exe = .nuget\NuGet.exe
		.nuget\NuGet.targets = .nuget\NuGet.targets
	EndProjectSection
EndProject
Project("{2150E333-8FDC-42A3-9474-1A3956D46DE8}") = "Utils", "Utils", "{20C0B5E0-DF36-477F-9E5B-81077A7A2B47}"
EndProject
Project("{FAE04EC0-301F-11D3-BF4B-00C04F79EFBC}") = "Utilities.IoC", "Utilities.IoC\Utilities.IoC.csproj", "{55B9E604-6C35-410D-80D8-86ECA3BD20FB}"
EndProject
Project("{2150E333-8FDC-42A3-9474-1A3956D46DE8}") = "Solution Items", "Solution Items", "{2B03FE73-339D-483D-83A7-414A908B625E}"
EndProject
Project("{FAE04EC0-301F-11D3-BF4B-00C04F79EFBC}") = "Utilities.Configuration", "Utilities.Configuration\Utilities.Configuration.csproj", "{FA8F4CB5-CE3C-4086-A401-60FD7C067CC2}"
EndProject
Project("{FAE04EC0-301F-11D3-BF4B-00C04F79EFBC}") = "Utilities.DataTypes", "Utilities.DataTypes\Utilities.DataTypes.csproj", "{39CBC271-2E89-43C0-984E-F4CCA7C710F4}"
EndProject
Project("{FAE04EC0-301F-11D3-BF4B-00C04F79EFBC}") = "Utilities.IO", "Utilities.IO\Utilities.IO.csproj", "{7D628412-2C3F-4124-A701-FCA892BA9F6A}"
EndProject
Project("{FAE04EC0-301F-11D3-BF4B-00C04F79EFBC}") = "Utilities.ORM", "Utilities.ORM\Utilities.ORM.csproj", "{6F747CA9-FE9C-417C-BD5B-6CBA0775CE83}"
EndProject
Project("{FAE04EC0-301F-11D3-BF4B-00C04F79EFBC}") = "Utilities.Profiler", "Utilities.Profiler\Utilities.Profiler.csproj", "{438BF0ED-FA5D-449E-ACEF-721E05B5BAFE}"
EndProject
Project("{FAE04EC0-301F-11D3-BF4B-00C04F79EFBC}") = "Utilities.Random", "Utilities.Random\Utilities.Random.csproj", "{C98FB416-28E2-4876-A3F6-02C89533C9AF}"
EndProject
Project("{FAE04EC0-301F-11D3-BF4B-00C04F79EFBC}") = "Utilities.Validation", "Utilities.Validation\Utilities.Validation.csproj", "{6026BBA0-4253-4E5B-91F6-CE3099C97B97}"
EndProject
Project("{FAE04EC0-301F-11D3-BF4B-00C04F79EFBC}") = "Utilities.Web", "Utilities.Web\Utilities.Web.csproj", "{FBA6FAB2-558C-4443-8B14-EAEBA5615637}"
EndProject
Project("{FAE04EC0-301F-11D3-BF4B-00C04F79EFBC}") = "UtilitiesSplitter", "UtilitiesSplitter\UtilitiesSplitter.csproj", "{433BFDAD-2D3B-4E9B-A278-305962FE3931}"
EndProject
Project("{FAE04EC0-301F-11D3-BF4B-00C04F79EFBC}") = "Utilities.Media", "Utilities.Media\Utilities.Media.csproj", "{E3662C70-4681-4699-B4BA-AEC803F97AE1}"
EndProject
Project("{2150E333-8FDC-42A3-9474-1A3956D46DE8}") = "Framework", "Framework", "{1630C5C1-545D-42F3-8F17-0E9F6E10B61C}"
EndProject
Project("{FAE04EC0-301F-11D3-BF4B-00C04F79EFBC}") = "Ironman.Core", "Ironman.Core\Ironman.Core.csproj", "{54B5C5F1-9C15-49EF-AF4F-CDC59A65147F}"
EndProject
Project("{2150E333-8FDC-42A3-9474-1A3956D46DE8}") = "Tests", "Tests", "{5EAA1BE4-A90F-4CC0-9CEC-C9E5B9DE106B}"
EndProject
Project("{2150E333-8FDC-42A3-9474-1A3956D46DE8}") = "Addons", "Addons", "{7F95E0A4-07FD-440B-BD35-634FBB263536}"
EndProject
Project("{FAE04EC0-301F-11D3-BF4B-00C04F79EFBC}") = "IronmanTests", "IronmanTests\IronmanTests.csproj", "{32534586-D081-4B68-A5FB-7B7687764759}"
EndProject
Global
	GlobalSection(SolutionConfigurationPlatforms) = preSolution
		Debug|Any CPU = Debug|Any CPU
		Release|Any CPU = Release|Any CPU
	EndGlobalSection
	GlobalSection(ProjectConfigurationPlatforms) = postSolution
		{8CBB9127-9E86-4DEB-A2A0-EE2F8DB946FC}.Debug|Any CPU.ActiveCfg = Debug|Any CPU
		{8CBB9127-9E86-4DEB-A2A0-EE2F8DB946FC}.Debug|Any CPU.Build.0 = Debug|Any CPU
		{8CBB9127-9E86-4DEB-A2A0-EE2F8DB946FC}.Release|Any CPU.ActiveCfg = Release|Any CPU
		{8CBB9127-9E86-4DEB-A2A0-EE2F8DB946FC}.Release|Any CPU.Build.0 = Release|Any CPU
		{8DAE7D5D-741C-42A2-94B3-D241412F060D}.Debug|Any CPU.ActiveCfg = Debug|Any CPU
		{8DAE7D5D-741C-42A2-94B3-D241412F060D}.Debug|Any CPU.Build.0 = Debug|Any CPU
		{8DAE7D5D-741C-42A2-94B3-D241412F060D}.Release|Any CPU.ActiveCfg = Release|Any CPU
		{8DAE7D5D-741C-42A2-94B3-D241412F060D}.Release|Any CPU.Build.0 = Release|Any CPU
		{55B9E604-6C35-410D-80D8-86ECA3BD20FB}.Debug|Any CPU.ActiveCfg = Debug|Any CPU
		{55B9E604-6C35-410D-80D8-86ECA3BD20FB}.Debug|Any CPU.Build.0 = Debug|Any CPU
		{55B9E604-6C35-410D-80D8-86ECA3BD20FB}.Release|Any CPU.ActiveCfg = Release|Any CPU
		{55B9E604-6C35-410D-80D8-86ECA3BD20FB}.Release|Any CPU.Build.0 = Release|Any CPU
		{FA8F4CB5-CE3C-4086-A401-60FD7C067CC2}.Debug|Any CPU.ActiveCfg = Debug|Any CPU
		{FA8F4CB5-CE3C-4086-A401-60FD7C067CC2}.Debug|Any CPU.Build.0 = Debug|Any CPU
		{FA8F4CB5-CE3C-4086-A401-60FD7C067CC2}.Release|Any CPU.ActiveCfg = Release|Any CPU
		{FA8F4CB5-CE3C-4086-A401-60FD7C067CC2}.Release|Any CPU.Build.0 = Release|Any CPU
		{39CBC271-2E89-43C0-984E-F4CCA7C710F4}.Debug|Any CPU.ActiveCfg = Debug|Any CPU
		{39CBC271-2E89-43C0-984E-F4CCA7C710F4}.Debug|Any CPU.Build.0 = Debug|Any CPU
		{39CBC271-2E89-43C0-984E-F4CCA7C710F4}.Release|Any CPU.ActiveCfg = Release|Any CPU
		{39CBC271-2E89-43C0-984E-F4CCA7C710F4}.Release|Any CPU.Build.0 = Release|Any CPU
		{7D628412-2C3F-4124-A701-FCA892BA9F6A}.Debug|Any CPU.ActiveCfg = Debug|Any CPU
		{7D628412-2C3F-4124-A701-FCA892BA9F6A}.Debug|Any CPU.Build.0 = Debug|Any CPU
		{7D628412-2C3F-4124-A701-FCA892BA9F6A}.Release|Any CPU.ActiveCfg = Release|Any CPU
		{7D628412-2C3F-4124-A701-FCA892BA9F6A}.Release|Any CPU.Build.0 = Release|Any CPU
		{6F747CA9-FE9C-417C-BD5B-6CBA0775CE83}.Debug|Any CPU.ActiveCfg = Debug|Any CPU
		{6F747CA9-FE9C-417C-BD5B-6CBA0775CE83}.Debug|Any CPU.Build.0 = Debug|Any CPU
		{6F747CA9-FE9C-417C-BD5B-6CBA0775CE83}.Release|Any CPU.ActiveCfg = Release|Any CPU
		{6F747CA9-FE9C-417C-BD5B-6CBA0775CE83}.Release|Any CPU.Build.0 = Release|Any CPU
		{438BF0ED-FA5D-449E-ACEF-721E05B5BAFE}.Debug|Any CPU.ActiveCfg = Debug|Any CPU
		{438BF0ED-FA5D-449E-ACEF-721E05B5BAFE}.Debug|Any CPU.Build.0 = Debug|Any CPU
		{438BF0ED-FA5D-449E-ACEF-721E05B5BAFE}.Release|Any CPU.ActiveCfg = Release|Any CPU
		{438BF0ED-FA5D-449E-ACEF-721E05B5BAFE}.Release|Any CPU.Build.0 = Release|Any CPU
		{C98FB416-28E2-4876-A3F6-02C89533C9AF}.Debug|Any CPU.ActiveCfg = Debug|Any CPU
		{C98FB416-28E2-4876-A3F6-02C89533C9AF}.Debug|Any CPU.Build.0 = Debug|Any CPU
		{C98FB416-28E2-4876-A3F6-02C89533C9AF}.Release|Any CPU.ActiveCfg = Release|Any CPU
		{C98FB416-28E2-4876-A3F6-02C89533C9AF}.Release|Any CPU.Build.0 = Release|Any CPU
		{6026BBA0-4253-4E5B-91F6-CE3099C97B97}.Debug|Any CPU.ActiveCfg = Debug|Any CPU
		{6026BBA0-4253-4E5B-91F6-CE3099C97B97}.Debug|Any CPU.Build.0 = Debug|Any CPU
		{6026BBA0-4253-4E5B-91F6-CE3099C97B97}.Release|Any CPU.ActiveCfg = Release|Any CPU
		{6026BBA0-4253-4E5B-91F6-CE3099C97B97}.Release|Any CPU.Build.0 = Release|Any CPU
		{FBA6FAB2-558C-4443-8B14-EAEBA5615637}.Debug|Any CPU.ActiveCfg = Debug|Any CPU
		{FBA6FAB2-558C-4443-8B14-EAEBA5615637}.Debug|Any CPU.Build.0 = Debug|Any CPU
		{FBA6FAB2-558C-4443-8B14-EAEBA5615637}.Release|Any CPU.ActiveCfg = Release|Any CPU
		{FBA6FAB2-558C-4443-8B14-EAEBA5615637}.Release|Any CPU.Build.0 = Release|Any CPU
		{433BFDAD-2D3B-4E9B-A278-305962FE3931}.Debug|Any CPU.ActiveCfg = Debug|Any CPU
		{433BFDAD-2D3B-4E9B-A278-305962FE3931}.Debug|Any CPU.Build.0 = Debug|Any CPU
		{433BFDAD-2D3B-4E9B-A278-305962FE3931}.Release|Any CPU.ActiveCfg = Release|Any CPU
		{433BFDAD-2D3B-4E9B-A278-305962FE3931}.Release|Any CPU.Build.0 = Release|Any CPU
		{E3662C70-4681-4699-B4BA-AEC803F97AE1}.Debug|Any CPU.ActiveCfg = Debug|Any CPU
		{E3662C70-4681-4699-B4BA-AEC803F97AE1}.Debug|Any CPU.Build.0 = Debug|Any CPU
		{E3662C70-4681-4699-B4BA-AEC803F97AE1}.Release|Any CPU.ActiveCfg = Release|Any CPU
		{E3662C70-4681-4699-B4BA-AEC803F97AE1}.Release|Any CPU.Build.0 = Release|Any CPU
		{54B5C5F1-9C15-49EF-AF4F-CDC59A65147F}.Debug|Any CPU.ActiveCfg = Debug|Any CPU
		{54B5C5F1-9C15-49EF-AF4F-CDC59A65147F}.Debug|Any CPU.Build.0 = Debug|Any CPU
		{54B5C5F1-9C15-49EF-AF4F-CDC59A65147F}.Release|Any CPU.ActiveCfg = Release|Any CPU
		{54B5C5F1-9C15-49EF-AF4F-CDC59A65147F}.Release|Any CPU.Build.0 = Release|Any CPU
		{32534586-D081-4B68-A5FB-7B7687764759}.Debug|Any CPU.ActiveCfg = Debug|Any CPU
		{32534586-D081-4B68-A5FB-7B7687764759}.Debug|Any CPU.Build.0 = Debug|Any CPU
		{32534586-D081-4B68-A5FB-7B7687764759}.Release|Any CPU.ActiveCfg = Release|Any CPU
		{32534586-D081-4B68-A5FB-7B7687764759}.Release|Any CPU.Build.0 = Release|Any CPU
	EndGlobalSection
	GlobalSection(SolutionProperties) = preSolution
		HideSolutionNode = FALSE
	EndGlobalSection
	GlobalSection(NestedProjects) = preSolution
		{8DAE7D5D-741C-42A2-94B3-D241412F060D} = {5EAA1BE4-A90F-4CC0-9CEC-C9E5B9DE106B}
		{32534586-D081-4B68-A5FB-7B7687764759} = {5EAA1BE4-A90F-4CC0-9CEC-C9E5B9DE106B}
		{55B9E604-6C35-410D-80D8-86ECA3BD20FB} = {C46A73AB-E02B-4197-A54F-B12E5C1453D8}
		{FA8F4CB5-CE3C-4086-A401-60FD7C067CC2} = {C46A73AB-E02B-4197-A54F-B12E5C1453D8}
		{39CBC271-2E89-43C0-984E-F4CCA7C710F4} = {C46A73AB-E02B-4197-A54F-B12E5C1453D8}
		{7D628412-2C3F-4124-A701-FCA892BA9F6A} = {C46A73AB-E02B-4197-A54F-B12E5C1453D8}
		{6F747CA9-FE9C-417C-BD5B-6CBA0775CE83} = {C46A73AB-E02B-4197-A54F-B12E5C1453D8}
		{438BF0ED-FA5D-449E-ACEF-721E05B5BAFE} = {C46A73AB-E02B-4197-A54F-B12E5C1453D8}
		{C98FB416-28E2-4876-A3F6-02C89533C9AF} = {C46A73AB-E02B-4197-A54F-B12E5C1453D8}
		{6026BBA0-4253-4E5B-91F6-CE3099C97B97} = {C46A73AB-E02B-4197-A54F-B12E5C1453D8}
		{FBA6FAB2-558C-4443-8B14-EAEBA5615637} = {C46A73AB-E02B-4197-A54F-B12E5C1453D8}
		{E3662C70-4681-4699-B4BA-AEC803F97AE1} = {C46A73AB-E02B-4197-A54F-B12E5C1453D8}
		{433BFDAD-2D3B-4E9B-A278-305962FE3931} = {20C0B5E0-DF36-477F-9E5B-81077A7A2B47}
		{54B5C5F1-9C15-49EF-AF4F-CDC59A65147F} = {1630C5C1-545D-42F3-8F17-0E9F6E10B61C}
	EndGlobalSection
EndGlobal
