
Microsoft Visual Studio Solution File, Format Version 12.00
# Visual Studio 2012
Project("{FAE04EC0-301F-11D3-BF4B-00C04F79EFBC}") = "Utilities", "Utilities\Utilities.csproj", "{8CBB9127-9E86-4DEB-A2A0-EE2F8DB946FC}"
EndProject
Project("{FAE04EC0-301F-11D3-BF4B-00C04F79EFBC}") = "UnitTests", "UnitTests\UnitTests.csproj", "{8DAE7D5D-741C-42A2-94B3-D241412F060D}"
EndProject
Project("{2150E333-8FDC-42A3-9474-1A3956D46DE8}") = "IndividualNamespaces", "IndividualNamespaces", "{C46A73AB-E02B-4197-A54F-B12E5C1453D8}"
EndProject
Project("{2150E333-8FDC-42A3-9474-1A3956D46DE8}") = ".nuget", ".nuget", "{412A2B18-80BD-49E9-A3A7-B8556548B744}"
	ProjectSection(SolutionItems) = preProject
		.nuget\NuGet.Config = .nuget\NuGet.Config
		.nuget\NuGet.exe = .nuget\NuGet.exe
		.nuget\NuGet.targets = .nuget\NuGet.targets
	EndProjectSection
EndProject
Project("{2150E333-8FDC-42A3-9474-1A3956D46DE8}") = "Utils", "Utils", "{20C0B5E0-DF36-477F-9E5B-81077A7A2B47}"
EndProject
Project("{FAE04EC0-301F-11D3-BF4B-00C04F79EFBC}") = "Utilities.IoC", "Utilities.IoC\Utilities.IoC.csproj", "{55B9E604-6C35-410D-80D8-86ECA3BD20FB}"
EndProject
Project("{FAE04EC0-301F-11D3-BF4B-00C04F79EFBC}") = "Utilities.MVC", "Utilities.MVC\Utilities.MVC.csproj", "{21D65D6D-E31E-419D-B1DB-DA9DD421328F}"
EndProject
Project("{2150E333-8FDC-42A3-9474-1A3956D46DE8}") = "Solution Items", "Solution Items", "{2B03FE73-339D-483D-83A7-414A908B625E}"
EndProject
Global
	GlobalSection(SolutionConfigurationPlatforms) = preSolution
		Debug|Any CPU = Debug|Any CPU
		Release|Any CPU = Release|Any CPU
	EndGlobalSection
	GlobalSection(ProjectConfigurationPlatforms) = postSolution
		{8CBB9127-9E86-4DEB-A2A0-EE2F8DB946FC}.Debug|Any CPU.ActiveCfg = Debug|Any CPU
		{8CBB9127-9E86-4DEB-A2A0-EE2F8DB946FC}.Debug|Any CPU.Build.0 = Debug|Any CPU
		{8CBB9127-9E86-4DEB-A2A0-EE2F8DB946FC}.Release|Any CPU.ActiveCfg = Release|Any CPU
		{8CBB9127-9E86-4DEB-A2A0-EE2F8DB946FC}.Release|Any CPU.Build.0 = Release|Any CPU
		{8DAE7D5D-741C-42A2-94B3-D241412F060D}.Debug|Any CPU.ActiveCfg = Debug|Any CPU
		{8DAE7D5D-741C-42A2-94B3-D241412F060D}.Debug|Any CPU.Build.0 = Debug|Any CPU
		{8DAE7D5D-741C-42A2-94B3-D241412F060D}.Release|Any CPU.ActiveCfg = Release|Any CPU
		{8DAE7D5D-741C-42A2-94B3-D241412F060D}.Release|Any CPU.Build.0 = Release|Any CPU
		{55B9E604-6C35-410D-80D8-86ECA3BD20FB}.Debug|Any CPU.ActiveCfg = Debug|Any CPU
		{55B9E604-6C35-410D-80D8-86ECA3BD20FB}.Debug|Any CPU.Build.0 = Debug|Any CPU
		{55B9E604-6C35-410D-80D8-86ECA3BD20FB}.Release|Any CPU.ActiveCfg = Release|Any CPU
		{55B9E604-6C35-410D-80D8-86ECA3BD20FB}.Release|Any CPU.Build.0 = Release|Any CPU
		{21D65D6D-E31E-419D-B1DB-DA9DD421328F}.Debug|Any CPU.ActiveCfg = Debug|Any CPU
		{21D65D6D-E31E-419D-B1DB-DA9DD421328F}.Debug|Any CPU.Build.0 = Debug|Any CPU
		{21D65D6D-E31E-419D-B1DB-DA9DD421328F}.Release|Any CPU.ActiveCfg = Release|Any CPU
		{21D65D6D-E31E-419D-B1DB-DA9DD421328F}.Release|Any CPU.Build.0 = Release|Any CPU
	EndGlobalSection
	GlobalSection(SolutionProperties) = preSolution
		HideSolutionNode = FALSE
	EndGlobalSection
	GlobalSection(NestedProjects) = preSolution
		{55B9E604-6C35-410D-80D8-86ECA3BD20FB} = {C46A73AB-E02B-4197-A54F-B12E5C1453D8}
		{21D65D6D-E31E-419D-B1DB-DA9DD421328F} = {C46A73AB-E02B-4197-A54F-B12E5C1453D8}
	EndGlobalSection
EndGlobal
