
Microsoft Visual Studio Solution File, Format Version 11.00
# Visual Studio 2010
Project("{FAE04EC0-301F-11D3-BF4B-00C04F79EFBC}") = "Utilities", "Utilities\Utilities.csproj", "{57A7AF88-994B-46A5-BB9D-46ED06757B3F}"
	ProjectSection(ProjectDependencies) = postProject
		{67AD2D0B-1222-4DAD-81D3-4632D82D686D} = {67AD2D0B-1222-4DAD-81D3-4632D82D686D}
	EndProjectSection
EndProject
Project("{FAE04EC0-301F-11D3-BF4B-00C04F79EFBC}") = "UnitTests", "UnitTests\UnitTests.csproj", "{6830C59C-3E74-4F20-BEC5-7A194FC9BE7E}"
EndProject
Project("{FAE04EC0-301F-11D3-BF4B-00C04F79EFBC}") = "Utilities.AI", "Utilities.AI\Utilities.AI.csproj", "{1253B726-E0C6-4664-B78B-7CE258C55FCF}"
EndProject
Project("{FAE04EC0-301F-11D3-BF4B-00C04F79EFBC}") = "Utilities.Caching", "Utilities.Caching\Utilities.Caching.csproj", "{7B063E87-B117-4427-9974-4987189075A7}"
EndProject
Project("{FAE04EC0-301F-11D3-BF4B-00C04F79EFBC}") = "Utilities.Compression", "Utilities.Compression\Utilities.Compression.csproj", "{D56F5AB6-2843-43D9-9236-5CF136781CEB}"
EndProject
Project("{FAE04EC0-301F-11D3-BF4B-00C04F79EFBC}") = "Utilities.Configuration", "Utilities.Configuration\Utilities.Configuration.csproj", "{6F3ED825-3516-4419-8BB8-A02B35359CF7}"
EndProject
Project("{FAE04EC0-301F-11D3-BF4B-00C04F79EFBC}") = "Utilities.DataMapper", "Utilities.DataMapper\Utilities.DataMapper.csproj", "{1EE64921-D2B8-4A7D-85E5-7F80EAF19882}"
EndProject
Project("{FAE04EC0-301F-11D3-BF4B-00C04F79EFBC}") = "Utilities.DataTypes", "Utilities.DataTypes\Utilities.DataTypes.csproj", "{5E5DA221-FBD5-415D-B521-0BEF59AD24A5}"
EndProject
Project("{FAE04EC0-301F-11D3-BF4B-00C04F79EFBC}") = "Utilities.Encryption", "Utilities.Encryption\Utilities.Encryption.csproj", "{44710730-9426-49E8-822A-4A5ACC6FF4EE}"
EndProject
Project("{FAE04EC0-301F-11D3-BF4B-00C04F79EFBC}") = "Utilities.Environment", "Utilities.Environment\Utilities.Environment.csproj", "{028FBDBE-E25F-46BB-8C28-A32D7938CE2B}"
EndProject
Project("{FAE04EC0-301F-11D3-BF4B-00C04F79EFBC}") = "Utilities.FileFormats", "Utilities.FileFormats\Utilities.FileFormats.csproj", "{AC3DB1D8-25B5-4BFF-ABFA-25AD90611836}"
EndProject
Project("{FAE04EC0-301F-11D3-BF4B-00C04F79EFBC}") = "Utilities.IO", "Utilities.IO\Utilities.IO.csproj", "{ECC62635-0319-44F3-993E-75BA8FC6F150}"
EndProject
Project("{FAE04EC0-301F-11D3-BF4B-00C04F79EFBC}") = "Utilities.IoC", "Utilities.IoC\Utilities.IoC.csproj", "{77E47844-BD84-4439-90F0-4FD698D2DC3F}"
EndProject
Project("{FAE04EC0-301F-11D3-BF4B-00C04F79EFBC}") = "Utilities.LDAP", "Utilities.LDAP\Utilities.LDAP.csproj", "{91663BF6-5537-47A5-8B35-B3BFC307A4A9}"
EndProject
Project("{FAE04EC0-301F-11D3-BF4B-00C04F79EFBC}") = "Utilities.Math", "Utilities.Math\Utilities.Math.csproj", "{BE654F42-8EA1-48B0-B901-9823E17062CA}"
EndProject
Project("{FAE04EC0-301F-11D3-BF4B-00C04F79EFBC}") = "Utilities.Media", "Utilities.Media\Utilities.Media.csproj", "{C3415CD0-62AA-4E1B-9DB7-C8CDEE2CC625}"
EndProject
Project("{FAE04EC0-301F-11D3-BF4B-00C04F79EFBC}") = "Utilities.ORM", "Utilities.ORM\Utilities.ORM.csproj", "{9D3780AF-92CE-480F-A815-0D0E9CE61AB3}"
EndProject
Project("{FAE04EC0-301F-11D3-BF4B-00C04F79EFBC}") = "Utilities.Profiler", "Utilities.Profiler\Utilities.Profiler.csproj", "{D0D2C43A-693F-47FB-8380-F7A7EE69642C}"
EndProject
Project("{FAE04EC0-301F-11D3-BF4B-00C04F79EFBC}") = "Utilities.Random", "Utilities.Random\Utilities.Random.csproj", "{0E9BF3FB-E640-4895-82C6-8FC9F32F95DB}"
EndProject
Project("{FAE04EC0-301F-11D3-BF4B-00C04F79EFBC}") = "Utilities.Reflection", "Utilities.Reflection\Utilities.Reflection.csproj", "{CB6FE6D5-5D42-4E95-A365-41304BA931C7}"
EndProject
Project("{FAE04EC0-301F-11D3-BF4B-00C04F79EFBC}") = "Utilities.SQL", "Utilities.SQL\Utilities.SQL.csproj", "{C47DBD66-BFF5-43B3-9293-EC48C06AADE3}"
EndProject
Project("{FAE04EC0-301F-11D3-BF4B-00C04F79EFBC}") = "Utilities.Validation", "Utilities.Validation\Utilities.Validation.csproj", "{EF933948-E8F5-4B57-9A7B-1C92BEBCA670}"
EndProject
Project("{FAE04EC0-301F-11D3-BF4B-00C04F79EFBC}") = "Utilities.Web", "Utilities.Web\Utilities.Web.csproj", "{82A17DB8-06B1-420A-8374-B9347D6AB6BE}"
EndProject
Project("{FAE04EC0-301F-11D3-BF4B-00C04F79EFBC}") = "UtilitiesSplitter", "UtilitiesSplitter\UtilitiesSplitter.csproj", "{67AD2D0B-1222-4DAD-81D3-4632D82D686D}"
EndProject
Project("{FAE04EC0-301F-11D3-BF4B-00C04F79EFBC}") = "Utilities.Lite", "Utilities.Lite\Utilities.Lite.csproj", "{0FD33BE8-BE8F-4E7B-A5FB-DECB13804FA8}"
EndProject
Project("{2150E333-8FDC-42A3-9474-1A3956D46DE8}") = "IndividualNamespaces", "IndividualNamespaces", "{0065D30F-FB0E-4D51-B500-1025016927D9}"
EndProject
Project("{FAE04EC0-301F-11D3-BF4B-00C04F79EFBC}") = "UnitTests.Lite", "UnitTests.Lite\UnitTests.Lite.csproj", "{7B24BB5C-B498-44A9-A5A1-0DF39C4EC774}"
EndProject
Global
	GlobalSection(SolutionConfigurationPlatforms) = preSolution
		Debug|Any CPU = Debug|Any CPU
		Debug|Mixed Platforms = Debug|Mixed Platforms
		Debug|x86 = Debug|x86
		Release|Any CPU = Release|Any CPU
		Release|Mixed Platforms = Release|Mixed Platforms
		Release|x86 = Release|x86
	EndGlobalSection
	GlobalSection(ProjectConfigurationPlatforms) = postSolution
		{57A7AF88-994B-46A5-BB9D-46ED06757B3F}.Debug|Any CPU.ActiveCfg = Debug|Any CPU
		{57A7AF88-994B-46A5-BB9D-46ED06757B3F}.Debug|Any CPU.Build.0 = Debug|Any CPU
		{57A7AF88-994B-46A5-BB9D-46ED06757B3F}.Debug|Mixed Platforms.ActiveCfg = Debug|Any CPU
		{57A7AF88-994B-46A5-BB9D-46ED06757B3F}.Debug|Mixed Platforms.Build.0 = Debug|Any CPU
		{57A7AF88-994B-46A5-BB9D-46ED06757B3F}.Debug|x86.ActiveCfg = Debug|Any CPU
		{57A7AF88-994B-46A5-BB9D-46ED06757B3F}.Release|Any CPU.ActiveCfg = Release|Any CPU
		{57A7AF88-994B-46A5-BB9D-46ED06757B3F}.Release|Any CPU.Build.0 = Release|Any CPU
		{57A7AF88-994B-46A5-BB9D-46ED06757B3F}.Release|Mixed Platforms.ActiveCfg = Release|Any CPU
		{57A7AF88-994B-46A5-BB9D-46ED06757B3F}.Release|Mixed Platforms.Build.0 = Release|Any CPU
		{57A7AF88-994B-46A5-BB9D-46ED06757B3F}.Release|x86.ActiveCfg = Release|Any CPU
		{6830C59C-3E74-4F20-BEC5-7A194FC9BE7E}.Debug|Any CPU.ActiveCfg = Debug|Any CPU
		{6830C59C-3E74-4F20-BEC5-7A194FC9BE7E}.Debug|Any CPU.Build.0 = Debug|Any CPU
		{6830C59C-3E74-4F20-BEC5-7A194FC9BE7E}.Debug|Mixed Platforms.ActiveCfg = Debug|Any CPU
		{6830C59C-3E74-4F20-BEC5-7A194FC9BE7E}.Debug|Mixed Platforms.Build.0 = Debug|Any CPU
		{6830C59C-3E74-4F20-BEC5-7A194FC9BE7E}.Debug|x86.ActiveCfg = Debug|Any CPU
		{6830C59C-3E74-4F20-BEC5-7A194FC9BE7E}.Release|Any CPU.ActiveCfg = Release|Any CPU
		{6830C59C-3E74-4F20-BEC5-7A194FC9BE7E}.Release|Any CPU.Build.0 = Release|Any CPU
		{6830C59C-3E74-4F20-BEC5-7A194FC9BE7E}.Release|Mixed Platforms.ActiveCfg = Release|Any CPU
		{6830C59C-3E74-4F20-BEC5-7A194FC9BE7E}.Release|Mixed Platforms.Build.0 = Release|Any CPU
		{6830C59C-3E74-4F20-BEC5-7A194FC9BE7E}.Release|x86.ActiveCfg = Release|Any CPU
		{1253B726-E0C6-4664-B78B-7CE258C55FCF}.Debug|Any CPU.ActiveCfg = Debug|Any CPU
		{1253B726-E0C6-4664-B78B-7CE258C55FCF}.Debug|Any CPU.Build.0 = Debug|Any CPU
		{1253B726-E0C6-4664-B78B-7CE258C55FCF}.Debug|Mixed Platforms.ActiveCfg = Debug|Any CPU
		{1253B726-E0C6-4664-B78B-7CE258C55FCF}.Debug|Mixed Platforms.Build.0 = Debug|Any CPU
		{1253B726-E0C6-4664-B78B-7CE258C55FCF}.Debug|x86.ActiveCfg = Debug|Any CPU
		{1253B726-E0C6-4664-B78B-7CE258C55FCF}.Release|Any CPU.ActiveCfg = Release|Any CPU
		{1253B726-E0C6-4664-B78B-7CE258C55FCF}.Release|Any CPU.Build.0 = Release|Any CPU
		{1253B726-E0C6-4664-B78B-7CE258C55FCF}.Release|Mixed Platforms.ActiveCfg = Release|Any CPU
		{1253B726-E0C6-4664-B78B-7CE258C55FCF}.Release|Mixed Platforms.Build.0 = Release|Any CPU
		{1253B726-E0C6-4664-B78B-7CE258C55FCF}.Release|x86.ActiveCfg = Release|Any CPU
		{7B063E87-B117-4427-9974-4987189075A7}.Debug|Any CPU.ActiveCfg = Debug|Any CPU
		{7B063E87-B117-4427-9974-4987189075A7}.Debug|Any CPU.Build.0 = Debug|Any CPU
		{7B063E87-B117-4427-9974-4987189075A7}.Debug|Mixed Platforms.ActiveCfg = Debug|Any CPU
		{7B063E87-B117-4427-9974-4987189075A7}.Debug|Mixed Platforms.Build.0 = Debug|Any CPU
		{7B063E87-B117-4427-9974-4987189075A7}.Debug|x86.ActiveCfg = Debug|Any CPU
		{7B063E87-B117-4427-9974-4987189075A7}.Release|Any CPU.ActiveCfg = Release|Any CPU
		{7B063E87-B117-4427-9974-4987189075A7}.Release|Any CPU.Build.0 = Release|Any CPU
		{7B063E87-B117-4427-9974-4987189075A7}.Release|Mixed Platforms.ActiveCfg = Release|Any CPU
		{7B063E87-B117-4427-9974-4987189075A7}.Release|Mixed Platforms.Build.0 = Release|Any CPU
		{7B063E87-B117-4427-9974-4987189075A7}.Release|x86.ActiveCfg = Release|Any CPU
		{D56F5AB6-2843-43D9-9236-5CF136781CEB}.Debug|Any CPU.ActiveCfg = Debug|Any CPU
		{D56F5AB6-2843-43D9-9236-5CF136781CEB}.Debug|Any CPU.Build.0 = Debug|Any CPU
		{D56F5AB6-2843-43D9-9236-5CF136781CEB}.Debug|Mixed Platforms.ActiveCfg = Debug|Any CPU
		{D56F5AB6-2843-43D9-9236-5CF136781CEB}.Debug|Mixed Platforms.Build.0 = Debug|Any CPU
		{D56F5AB6-2843-43D9-9236-5CF136781CEB}.Debug|x86.ActiveCfg = Debug|Any CPU
		{D56F5AB6-2843-43D9-9236-5CF136781CEB}.Release|Any CPU.ActiveCfg = Release|Any CPU
		{D56F5AB6-2843-43D9-9236-5CF136781CEB}.Release|Any CPU.Build.0 = Release|Any CPU
		{D56F5AB6-2843-43D9-9236-5CF136781CEB}.Release|Mixed Platforms.ActiveCfg = Release|Any CPU
		{D56F5AB6-2843-43D9-9236-5CF136781CEB}.Release|Mixed Platforms.Build.0 = Release|Any CPU
		{D56F5AB6-2843-43D9-9236-5CF136781CEB}.Release|x86.ActiveCfg = Release|Any CPU
		{6F3ED825-3516-4419-8BB8-A02B35359CF7}.Debug|Any CPU.ActiveCfg = Debug|Any CPU
		{6F3ED825-3516-4419-8BB8-A02B35359CF7}.Debug|Any CPU.Build.0 = Debug|Any CPU
		{6F3ED825-3516-4419-8BB8-A02B35359CF7}.Debug|Mixed Platforms.ActiveCfg = Debug|Any CPU
		{6F3ED825-3516-4419-8BB8-A02B35359CF7}.Debug|Mixed Platforms.Build.0 = Debug|Any CPU
		{6F3ED825-3516-4419-8BB8-A02B35359CF7}.Debug|x86.ActiveCfg = Debug|Any CPU
		{6F3ED825-3516-4419-8BB8-A02B35359CF7}.Release|Any CPU.ActiveCfg = Release|Any CPU
		{6F3ED825-3516-4419-8BB8-A02B35359CF7}.Release|Any CPU.Build.0 = Release|Any CPU
		{6F3ED825-3516-4419-8BB8-A02B35359CF7}.Release|Mixed Platforms.ActiveCfg = Release|Any CPU
		{6F3ED825-3516-4419-8BB8-A02B35359CF7}.Release|Mixed Platforms.Build.0 = Release|Any CPU
		{6F3ED825-3516-4419-8BB8-A02B35359CF7}.Release|x86.ActiveCfg = Release|Any CPU
		{1EE64921-D2B8-4A7D-85E5-7F80EAF19882}.Debug|Any CPU.ActiveCfg = Debug|Any CPU
		{1EE64921-D2B8-4A7D-85E5-7F80EAF19882}.Debug|Any CPU.Build.0 = Debug|Any CPU
		{1EE64921-D2B8-4A7D-85E5-7F80EAF19882}.Debug|Mixed Platforms.ActiveCfg = Debug|Any CPU
		{1EE64921-D2B8-4A7D-85E5-7F80EAF19882}.Debug|Mixed Platforms.Build.0 = Debug|Any CPU
		{1EE64921-D2B8-4A7D-85E5-7F80EAF19882}.Debug|x86.ActiveCfg = Debug|Any CPU
		{1EE64921-D2B8-4A7D-85E5-7F80EAF19882}.Release|Any CPU.ActiveCfg = Release|Any CPU
		{1EE64921-D2B8-4A7D-85E5-7F80EAF19882}.Release|Any CPU.Build.0 = Release|Any CPU
		{1EE64921-D2B8-4A7D-85E5-7F80EAF19882}.Release|Mixed Platforms.ActiveCfg = Release|Any CPU
		{1EE64921-D2B8-4A7D-85E5-7F80EAF19882}.Release|Mixed Platforms.Build.0 = Release|Any CPU
		{1EE64921-D2B8-4A7D-85E5-7F80EAF19882}.Release|x86.ActiveCfg = Release|Any CPU
		{5E5DA221-FBD5-415D-B521-0BEF59AD24A5}.Debug|Any CPU.ActiveCfg = Debug|Any CPU
		{5E5DA221-FBD5-415D-B521-0BEF59AD24A5}.Debug|Any CPU.Build.0 = Debug|Any CPU
		{5E5DA221-FBD5-415D-B521-0BEF59AD24A5}.Debug|Mixed Platforms.ActiveCfg = Debug|Any CPU
		{5E5DA221-FBD5-415D-B521-0BEF59AD24A5}.Debug|Mixed Platforms.Build.0 = Debug|Any CPU
		{5E5DA221-FBD5-415D-B521-0BEF59AD24A5}.Debug|x86.ActiveCfg = Debug|Any CPU
		{5E5DA221-FBD5-415D-B521-0BEF59AD24A5}.Release|Any CPU.ActiveCfg = Release|Any CPU
		{5E5DA221-FBD5-415D-B521-0BEF59AD24A5}.Release|Any CPU.Build.0 = Release|Any CPU
		{5E5DA221-FBD5-415D-B521-0BEF59AD24A5}.Release|Mixed Platforms.ActiveCfg = Release|Any CPU
		{5E5DA221-FBD5-415D-B521-0BEF59AD24A5}.Release|Mixed Platforms.Build.0 = Release|Any CPU
		{5E5DA221-FBD5-415D-B521-0BEF59AD24A5}.Release|x86.ActiveCfg = Release|Any CPU
		{44710730-9426-49E8-822A-4A5ACC6FF4EE}.Debug|Any CPU.ActiveCfg = Debug|Any CPU
		{44710730-9426-49E8-822A-4A5ACC6FF4EE}.Debug|Any CPU.Build.0 = Debug|Any CPU
		{44710730-9426-49E8-822A-4A5ACC6FF4EE}.Debug|Mixed Platforms.ActiveCfg = Debug|Any CPU
		{44710730-9426-49E8-822A-4A5ACC6FF4EE}.Debug|Mixed Platforms.Build.0 = Debug|Any CPU
		{44710730-9426-49E8-822A-4A5ACC6FF4EE}.Debug|x86.ActiveCfg = Debug|Any CPU
		{44710730-9426-49E8-822A-4A5ACC6FF4EE}.Release|Any CPU.ActiveCfg = Release|Any CPU
		{44710730-9426-49E8-822A-4A5ACC6FF4EE}.Release|Any CPU.Build.0 = Release|Any CPU
		{44710730-9426-49E8-822A-4A5ACC6FF4EE}.Release|Mixed Platforms.ActiveCfg = Release|Any CPU
		{44710730-9426-49E8-822A-4A5ACC6FF4EE}.Release|Mixed Platforms.Build.0 = Release|Any CPU
		{44710730-9426-49E8-822A-4A5ACC6FF4EE}.Release|x86.ActiveCfg = Release|Any CPU
		{028FBDBE-E25F-46BB-8C28-A32D7938CE2B}.Debug|Any CPU.ActiveCfg = Debug|Any CPU
		{028FBDBE-E25F-46BB-8C28-A32D7938CE2B}.Debug|Any CPU.Build.0 = Debug|Any CPU
		{028FBDBE-E25F-46BB-8C28-A32D7938CE2B}.Debug|Mixed Platforms.ActiveCfg = Debug|Any CPU
		{028FBDBE-E25F-46BB-8C28-A32D7938CE2B}.Debug|Mixed Platforms.Build.0 = Debug|Any CPU
		{028FBDBE-E25F-46BB-8C28-A32D7938CE2B}.Debug|x86.ActiveCfg = Debug|Any CPU
		{028FBDBE-E25F-46BB-8C28-A32D7938CE2B}.Release|Any CPU.ActiveCfg = Release|Any CPU
		{028FBDBE-E25F-46BB-8C28-A32D7938CE2B}.Release|Any CPU.Build.0 = Release|Any CPU
		{028FBDBE-E25F-46BB-8C28-A32D7938CE2B}.Release|Mixed Platforms.ActiveCfg = Release|Any CPU
		{028FBDBE-E25F-46BB-8C28-A32D7938CE2B}.Release|Mixed Platforms.Build.0 = Release|Any CPU
		{028FBDBE-E25F-46BB-8C28-A32D7938CE2B}.Release|x86.ActiveCfg = Release|Any CPU
		{AC3DB1D8-25B5-4BFF-ABFA-25AD90611836}.Debug|Any CPU.ActiveCfg = Debug|Any CPU
		{AC3DB1D8-25B5-4BFF-ABFA-25AD90611836}.Debug|Any CPU.Build.0 = Debug|Any CPU
		{AC3DB1D8-25B5-4BFF-ABFA-25AD90611836}.Debug|Mixed Platforms.ActiveCfg = Debug|Any CPU
		{AC3DB1D8-25B5-4BFF-ABFA-25AD90611836}.Debug|Mixed Platforms.Build.0 = Debug|Any CPU
		{AC3DB1D8-25B5-4BFF-ABFA-25AD90611836}.Debug|x86.ActiveCfg = Debug|Any CPU
		{AC3DB1D8-25B5-4BFF-ABFA-25AD90611836}.Release|Any CPU.ActiveCfg = Release|Any CPU
		{AC3DB1D8-25B5-4BFF-ABFA-25AD90611836}.Release|Any CPU.Build.0 = Release|Any CPU
		{AC3DB1D8-25B5-4BFF-ABFA-25AD90611836}.Release|Mixed Platforms.ActiveCfg = Release|Any CPU
		{AC3DB1D8-25B5-4BFF-ABFA-25AD90611836}.Release|Mixed Platforms.Build.0 = Release|Any CPU
		{AC3DB1D8-25B5-4BFF-ABFA-25AD90611836}.Release|x86.ActiveCfg = Release|Any CPU
		{ECC62635-0319-44F3-993E-75BA8FC6F150}.Debug|Any CPU.ActiveCfg = Debug|Any CPU
		{ECC62635-0319-44F3-993E-75BA8FC6F150}.Debug|Any CPU.Build.0 = Debug|Any CPU
		{ECC62635-0319-44F3-993E-75BA8FC6F150}.Debug|Mixed Platforms.ActiveCfg = Debug|Any CPU
		{ECC62635-0319-44F3-993E-75BA8FC6F150}.Debug|Mixed Platforms.Build.0 = Debug|Any CPU
		{ECC62635-0319-44F3-993E-75BA8FC6F150}.Debug|x86.ActiveCfg = Debug|Any CPU
		{ECC62635-0319-44F3-993E-75BA8FC6F150}.Release|Any CPU.ActiveCfg = Release|Any CPU
		{ECC62635-0319-44F3-993E-75BA8FC6F150}.Release|Any CPU.Build.0 = Release|Any CPU
		{ECC62635-0319-44F3-993E-75BA8FC6F150}.Release|Mixed Platforms.ActiveCfg = Release|Any CPU
		{ECC62635-0319-44F3-993E-75BA8FC6F150}.Release|Mixed Platforms.Build.0 = Release|Any CPU
		{ECC62635-0319-44F3-993E-75BA8FC6F150}.Release|x86.ActiveCfg = Release|Any CPU
		{77E47844-BD84-4439-90F0-4FD698D2DC3F}.Debug|Any CPU.ActiveCfg = Debug|Any CPU
		{77E47844-BD84-4439-90F0-4FD698D2DC3F}.Debug|Any CPU.Build.0 = Debug|Any CPU
		{77E47844-BD84-4439-90F0-4FD698D2DC3F}.Debug|Mixed Platforms.ActiveCfg = Debug|Any CPU
		{77E47844-BD84-4439-90F0-4FD698D2DC3F}.Debug|Mixed Platforms.Build.0 = Debug|Any CPU
		{77E47844-BD84-4439-90F0-4FD698D2DC3F}.Debug|x86.ActiveCfg = Debug|Any CPU
		{77E47844-BD84-4439-90F0-4FD698D2DC3F}.Release|Any CPU.ActiveCfg = Release|Any CPU
		{77E47844-BD84-4439-90F0-4FD698D2DC3F}.Release|Any CPU.Build.0 = Release|Any CPU
		{77E47844-BD84-4439-90F0-4FD698D2DC3F}.Release|Mixed Platforms.ActiveCfg = Release|Any CPU
		{77E47844-BD84-4439-90F0-4FD698D2DC3F}.Release|Mixed Platforms.Build.0 = Release|Any CPU
		{77E47844-BD84-4439-90F0-4FD698D2DC3F}.Release|x86.ActiveCfg = Release|Any CPU
		{91663BF6-5537-47A5-8B35-B3BFC307A4A9}.Debug|Any CPU.ActiveCfg = Debug|Any CPU
		{91663BF6-5537-47A5-8B35-B3BFC307A4A9}.Debug|Any CPU.Build.0 = Debug|Any CPU
		{91663BF6-5537-47A5-8B35-B3BFC307A4A9}.Debug|Mixed Platforms.ActiveCfg = Debug|Any CPU
		{91663BF6-5537-47A5-8B35-B3BFC307A4A9}.Debug|Mixed Platforms.Build.0 = Debug|Any CPU
		{91663BF6-5537-47A5-8B35-B3BFC307A4A9}.Debug|x86.ActiveCfg = Debug|Any CPU
		{91663BF6-5537-47A5-8B35-B3BFC307A4A9}.Release|Any CPU.ActiveCfg = Release|Any CPU
		{91663BF6-5537-47A5-8B35-B3BFC307A4A9}.Release|Any CPU.Build.0 = Release|Any CPU
		{91663BF6-5537-47A5-8B35-B3BFC307A4A9}.Release|Mixed Platforms.ActiveCfg = Release|Any CPU
		{91663BF6-5537-47A5-8B35-B3BFC307A4A9}.Release|Mixed Platforms.Build.0 = Release|Any CPU
		{91663BF6-5537-47A5-8B35-B3BFC307A4A9}.Release|x86.ActiveCfg = Release|Any CPU
		{BE654F42-8EA1-48B0-B901-9823E17062CA}.Debug|Any CPU.ActiveCfg = Debug|Any CPU
		{BE654F42-8EA1-48B0-B901-9823E17062CA}.Debug|Any CPU.Build.0 = Debug|Any CPU
		{BE654F42-8EA1-48B0-B901-9823E17062CA}.Debug|Mixed Platforms.ActiveCfg = Debug|Any CPU
		{BE654F42-8EA1-48B0-B901-9823E17062CA}.Debug|Mixed Platforms.Build.0 = Debug|Any CPU
		{BE654F42-8EA1-48B0-B901-9823E17062CA}.Debug|x86.ActiveCfg = Debug|Any CPU
		{BE654F42-8EA1-48B0-B901-9823E17062CA}.Release|Any CPU.ActiveCfg = Release|Any CPU
		{BE654F42-8EA1-48B0-B901-9823E17062CA}.Release|Any CPU.Build.0 = Release|Any CPU
		{BE654F42-8EA1-48B0-B901-9823E17062CA}.Release|Mixed Platforms.ActiveCfg = Release|Any CPU
		{BE654F42-8EA1-48B0-B901-9823E17062CA}.Release|Mixed Platforms.Build.0 = Release|Any CPU
		{BE654F42-8EA1-48B0-B901-9823E17062CA}.Release|x86.ActiveCfg = Release|Any CPU
		{C3415CD0-62AA-4E1B-9DB7-C8CDEE2CC625}.Debug|Any CPU.ActiveCfg = Debug|Any CPU
		{C3415CD0-62AA-4E1B-9DB7-C8CDEE2CC625}.Debug|Any CPU.Build.0 = Debug|Any CPU
		{C3415CD0-62AA-4E1B-9DB7-C8CDEE2CC625}.Debug|Mixed Platforms.ActiveCfg = Debug|Any CPU
		{C3415CD0-62AA-4E1B-9DB7-C8CDEE2CC625}.Debug|Mixed Platforms.Build.0 = Debug|Any CPU
		{C3415CD0-62AA-4E1B-9DB7-C8CDEE2CC625}.Debug|x86.ActiveCfg = Debug|Any CPU
		{C3415CD0-62AA-4E1B-9DB7-C8CDEE2CC625}.Release|Any CPU.ActiveCfg = Release|Any CPU
		{C3415CD0-62AA-4E1B-9DB7-C8CDEE2CC625}.Release|Any CPU.Build.0 = Release|Any CPU
		{C3415CD0-62AA-4E1B-9DB7-C8CDEE2CC625}.Release|Mixed Platforms.ActiveCfg = Release|Any CPU
		{C3415CD0-62AA-4E1B-9DB7-C8CDEE2CC625}.Release|Mixed Platforms.Build.0 = Release|Any CPU
		{C3415CD0-62AA-4E1B-9DB7-C8CDEE2CC625}.Release|x86.ActiveCfg = Release|Any CPU
		{9D3780AF-92CE-480F-A815-0D0E9CE61AB3}.Debug|Any CPU.ActiveCfg = Debug|Any CPU
		{9D3780AF-92CE-480F-A815-0D0E9CE61AB3}.Debug|Any CPU.Build.0 = Debug|Any CPU
		{9D3780AF-92CE-480F-A815-0D0E9CE61AB3}.Debug|Mixed Platforms.ActiveCfg = Debug|Any CPU
		{9D3780AF-92CE-480F-A815-0D0E9CE61AB3}.Debug|Mixed Platforms.Build.0 = Debug|Any CPU
		{9D3780AF-92CE-480F-A815-0D0E9CE61AB3}.Debug|x86.ActiveCfg = Debug|Any CPU
		{9D3780AF-92CE-480F-A815-0D0E9CE61AB3}.Release|Any CPU.ActiveCfg = Release|Any CPU
		{9D3780AF-92CE-480F-A815-0D0E9CE61AB3}.Release|Any CPU.Build.0 = Release|Any CPU
		{9D3780AF-92CE-480F-A815-0D0E9CE61AB3}.Release|Mixed Platforms.ActiveCfg = Release|Any CPU
		{9D3780AF-92CE-480F-A815-0D0E9CE61AB3}.Release|Mixed Platforms.Build.0 = Release|Any CPU
		{9D3780AF-92CE-480F-A815-0D0E9CE61AB3}.Release|x86.ActiveCfg = Release|Any CPU
		{D0D2C43A-693F-47FB-8380-F7A7EE69642C}.Debug|Any CPU.ActiveCfg = Debug|Any CPU
		{D0D2C43A-693F-47FB-8380-F7A7EE69642C}.Debug|Any CPU.Build.0 = Debug|Any CPU
		{D0D2C43A-693F-47FB-8380-F7A7EE69642C}.Debug|Mixed Platforms.ActiveCfg = Debug|Any CPU
		{D0D2C43A-693F-47FB-8380-F7A7EE69642C}.Debug|Mixed Platforms.Build.0 = Debug|Any CPU
		{D0D2C43A-693F-47FB-8380-F7A7EE69642C}.Debug|x86.ActiveCfg = Debug|Any CPU
		{D0D2C43A-693F-47FB-8380-F7A7EE69642C}.Release|Any CPU.ActiveCfg = Release|Any CPU
		{D0D2C43A-693F-47FB-8380-F7A7EE69642C}.Release|Any CPU.Build.0 = Release|Any CPU
		{D0D2C43A-693F-47FB-8380-F7A7EE69642C}.Release|Mixed Platforms.ActiveCfg = Release|Any CPU
		{D0D2C43A-693F-47FB-8380-F7A7EE69642C}.Release|Mixed Platforms.Build.0 = Release|Any CPU
		{D0D2C43A-693F-47FB-8380-F7A7EE69642C}.Release|x86.ActiveCfg = Release|Any CPU
		{0E9BF3FB-E640-4895-82C6-8FC9F32F95DB}.Debug|Any CPU.ActiveCfg = Debug|Any CPU
		{0E9BF3FB-E640-4895-82C6-8FC9F32F95DB}.Debug|Any CPU.Build.0 = Debug|Any CPU
		{0E9BF3FB-E640-4895-82C6-8FC9F32F95DB}.Debug|Mixed Platforms.ActiveCfg = Debug|Any CPU
		{0E9BF3FB-E640-4895-82C6-8FC9F32F95DB}.Debug|Mixed Platforms.Build.0 = Debug|Any CPU
		{0E9BF3FB-E640-4895-82C6-8FC9F32F95DB}.Debug|x86.ActiveCfg = Debug|Any CPU
		{0E9BF3FB-E640-4895-82C6-8FC9F32F95DB}.Release|Any CPU.ActiveCfg = Release|Any CPU
		{0E9BF3FB-E640-4895-82C6-8FC9F32F95DB}.Release|Any CPU.Build.0 = Release|Any CPU
		{0E9BF3FB-E640-4895-82C6-8FC9F32F95DB}.Release|Mixed Platforms.ActiveCfg = Release|Any CPU
		{0E9BF3FB-E640-4895-82C6-8FC9F32F95DB}.Release|Mixed Platforms.Build.0 = Release|Any CPU
		{0E9BF3FB-E640-4895-82C6-8FC9F32F95DB}.Release|x86.ActiveCfg = Release|Any CPU
		{CB6FE6D5-5D42-4E95-A365-41304BA931C7}.Debug|Any CPU.ActiveCfg = Debug|Any CPU
		{CB6FE6D5-5D42-4E95-A365-41304BA931C7}.Debug|Any CPU.Build.0 = Debug|Any CPU
		{CB6FE6D5-5D42-4E95-A365-41304BA931C7}.Debug|Mixed Platforms.ActiveCfg = Debug|Any CPU
		{CB6FE6D5-5D42-4E95-A365-41304BA931C7}.Debug|Mixed Platforms.Build.0 = Debug|Any CPU
		{CB6FE6D5-5D42-4E95-A365-41304BA931C7}.Debug|x86.ActiveCfg = Debug|Any CPU
		{CB6FE6D5-5D42-4E95-A365-41304BA931C7}.Release|Any CPU.ActiveCfg = Release|Any CPU
		{CB6FE6D5-5D42-4E95-A365-41304BA931C7}.Release|Any CPU.Build.0 = Release|Any CPU
		{CB6FE6D5-5D42-4E95-A365-41304BA931C7}.Release|Mixed Platforms.ActiveCfg = Release|Any CPU
		{CB6FE6D5-5D42-4E95-A365-41304BA931C7}.Release|Mixed Platforms.Build.0 = Release|Any CPU
		{CB6FE6D5-5D42-4E95-A365-41304BA931C7}.Release|x86.ActiveCfg = Release|Any CPU
		{C47DBD66-BFF5-43B3-9293-EC48C06AADE3}.Debug|Any CPU.ActiveCfg = Debug|Any CPU
		{C47DBD66-BFF5-43B3-9293-EC48C06AADE3}.Debug|Any CPU.Build.0 = Debug|Any CPU
		{C47DBD66-BFF5-43B3-9293-EC48C06AADE3}.Debug|Mixed Platforms.ActiveCfg = Debug|Any CPU
		{C47DBD66-BFF5-43B3-9293-EC48C06AADE3}.Debug|Mixed Platforms.Build.0 = Debug|Any CPU
		{C47DBD66-BFF5-43B3-9293-EC48C06AADE3}.Debug|x86.ActiveCfg = Debug|Any CPU
		{C47DBD66-BFF5-43B3-9293-EC48C06AADE3}.Release|Any CPU.ActiveCfg = Release|Any CPU
		{C47DBD66-BFF5-43B3-9293-EC48C06AADE3}.Release|Any CPU.Build.0 = Release|Any CPU
		{C47DBD66-BFF5-43B3-9293-EC48C06AADE3}.Release|Mixed Platforms.ActiveCfg = Release|Any CPU
		{C47DBD66-BFF5-43B3-9293-EC48C06AADE3}.Release|Mixed Platforms.Build.0 = Release|Any CPU
		{C47DBD66-BFF5-43B3-9293-EC48C06AADE3}.Release|x86.ActiveCfg = Release|Any CPU
		{EF933948-E8F5-4B57-9A7B-1C92BEBCA670}.Debug|Any CPU.ActiveCfg = Debug|Any CPU
		{EF933948-E8F5-4B57-9A7B-1C92BEBCA670}.Debug|Any CPU.Build.0 = Debug|Any CPU
		{EF933948-E8F5-4B57-9A7B-1C92BEBCA670}.Debug|Mixed Platforms.ActiveCfg = Debug|Any CPU
		{EF933948-E8F5-4B57-9A7B-1C92BEBCA670}.Debug|Mixed Platforms.Build.0 = Debug|Any CPU
		{EF933948-E8F5-4B57-9A7B-1C92BEBCA670}.Debug|x86.ActiveCfg = Debug|Any CPU
		{EF933948-E8F5-4B57-9A7B-1C92BEBCA670}.Release|Any CPU.ActiveCfg = Release|Any CPU
		{EF933948-E8F5-4B57-9A7B-1C92BEBCA670}.Release|Any CPU.Build.0 = Release|Any CPU
		{EF933948-E8F5-4B57-9A7B-1C92BEBCA670}.Release|Mixed Platforms.ActiveCfg = Release|Any CPU
		{EF933948-E8F5-4B57-9A7B-1C92BEBCA670}.Release|Mixed Platforms.Build.0 = Release|Any CPU
		{EF933948-E8F5-4B57-9A7B-1C92BEBCA670}.Release|x86.ActiveCfg = Release|Any CPU
		{82A17DB8-06B1-420A-8374-B9347D6AB6BE}.Debug|Any CPU.ActiveCfg = Debug|Any CPU
		{82A17DB8-06B1-420A-8374-B9347D6AB6BE}.Debug|Any CPU.Build.0 = Debug|Any CPU
		{82A17DB8-06B1-420A-8374-B9347D6AB6BE}.Debug|Mixed Platforms.ActiveCfg = Debug|Any CPU
		{82A17DB8-06B1-420A-8374-B9347D6AB6BE}.Debug|Mixed Platforms.Build.0 = Debug|Any CPU
		{82A17DB8-06B1-420A-8374-B9347D6AB6BE}.Debug|x86.ActiveCfg = Debug|Any CPU
		{82A17DB8-06B1-420A-8374-B9347D6AB6BE}.Release|Any CPU.ActiveCfg = Release|Any CPU
		{82A17DB8-06B1-420A-8374-B9347D6AB6BE}.Release|Any CPU.Build.0 = Release|Any CPU
		{82A17DB8-06B1-420A-8374-B9347D6AB6BE}.Release|Mixed Platforms.ActiveCfg = Release|Any CPU
		{82A17DB8-06B1-420A-8374-B9347D6AB6BE}.Release|Mixed Platforms.Build.0 = Release|Any CPU
		{82A17DB8-06B1-420A-8374-B9347D6AB6BE}.Release|x86.ActiveCfg = Release|Any CPU
		{67AD2D0B-1222-4DAD-81D3-4632D82D686D}.Debug|Any CPU.ActiveCfg = Debug|x86
		{67AD2D0B-1222-4DAD-81D3-4632D82D686D}.Debug|Mixed Platforms.ActiveCfg = Debug|x86
		{67AD2D0B-1222-4DAD-81D3-4632D82D686D}.Debug|Mixed Platforms.Build.0 = Debug|x86
		{67AD2D0B-1222-4DAD-81D3-4632D82D686D}.Debug|x86.ActiveCfg = Debug|x86
		{67AD2D0B-1222-4DAD-81D3-4632D82D686D}.Debug|x86.Build.0 = Debug|x86
		{67AD2D0B-1222-4DAD-81D3-4632D82D686D}.Release|Any CPU.ActiveCfg = Release|x86
		{67AD2D0B-1222-4DAD-81D3-4632D82D686D}.Release|Mixed Platforms.ActiveCfg = Release|x86
		{67AD2D0B-1222-4DAD-81D3-4632D82D686D}.Release|Mixed Platforms.Build.0 = Release|x86
		{67AD2D0B-1222-4DAD-81D3-4632D82D686D}.Release|x86.ActiveCfg = Release|x86
		{67AD2D0B-1222-4DAD-81D3-4632D82D686D}.Release|x86.Build.0 = Release|x86
		{0FD33BE8-BE8F-4E7B-A5FB-DECB13804FA8}.Debug|Any CPU.ActiveCfg = Debug|Any CPU
		{0FD33BE8-BE8F-4E7B-A5FB-DECB13804FA8}.Debug|Any CPU.Build.0 = Debug|Any CPU
		{0FD33BE8-BE8F-4E7B-A5FB-DECB13804FA8}.Debug|Mixed Platforms.ActiveCfg = Debug|Any CPU
		{0FD33BE8-BE8F-4E7B-A5FB-DECB13804FA8}.Debug|Mixed Platforms.Build.0 = Debug|Any CPU
		{0FD33BE8-BE8F-4E7B-A5FB-DECB13804FA8}.Debug|x86.ActiveCfg = Debug|Any CPU
		{0FD33BE8-BE8F-4E7B-A5FB-DECB13804FA8}.Release|Any CPU.ActiveCfg = Release|Any CPU
		{0FD33BE8-BE8F-4E7B-A5FB-DECB13804FA8}.Release|Any CPU.Build.0 = Release|Any CPU
		{0FD33BE8-BE8F-4E7B-A5FB-DECB13804FA8}.Release|Mixed Platforms.ActiveCfg = Release|Any CPU
		{0FD33BE8-BE8F-4E7B-A5FB-DECB13804FA8}.Release|Mixed Platforms.Build.0 = Release|Any CPU
		{0FD33BE8-BE8F-4E7B-A5FB-DECB13804FA8}.Release|x86.ActiveCfg = Release|Any CPU
		{7B24BB5C-B498-44A9-A5A1-0DF39C4EC774}.Debug|Any CPU.ActiveCfg = Debug|Any CPU
		{7B24BB5C-B498-44A9-A5A1-0DF39C4EC774}.Debug|Any CPU.Build.0 = Debug|Any CPU
		{7B24BB5C-B498-44A9-A5A1-0DF39C4EC774}.Debug|Mixed Platforms.ActiveCfg = Debug|Any CPU
		{7B24BB5C-B498-44A9-A5A1-0DF39C4EC774}.Debug|Mixed Platforms.Build.0 = Debug|Any CPU
		{7B24BB5C-B498-44A9-A5A1-0DF39C4EC774}.Debug|x86.ActiveCfg = Debug|Any CPU
		{7B24BB5C-B498-44A9-A5A1-0DF39C4EC774}.Release|Any CPU.ActiveCfg = Release|Any CPU
		{7B24BB5C-B498-44A9-A5A1-0DF39C4EC774}.Release|Any CPU.Build.0 = Release|Any CPU
		{7B24BB5C-B498-44A9-A5A1-0DF39C4EC774}.Release|Mixed Platforms.ActiveCfg = Release|Any CPU
		{7B24BB5C-B498-44A9-A5A1-0DF39C4EC774}.Release|Mixed Platforms.Build.0 = Release|Any CPU
		{7B24BB5C-B498-44A9-A5A1-0DF39C4EC774}.Release|x86.ActiveCfg = Release|Any CPU
	EndGlobalSection
	GlobalSection(SolutionProperties) = preSolution
		HideSolutionNode = FALSE
	EndGlobalSection
	GlobalSection(NestedProjects) = preSolution
		{7B063E87-B117-4427-9974-4987189075A7} = {0065D30F-FB0E-4D51-B500-1025016927D9}
		{D56F5AB6-2843-43D9-9236-5CF136781CEB} = {0065D30F-FB0E-4D51-B500-1025016927D9}
		{6F3ED825-3516-4419-8BB8-A02B35359CF7} = {0065D30F-FB0E-4D51-B500-1025016927D9}
		{1EE64921-D2B8-4A7D-85E5-7F80EAF19882} = {0065D30F-FB0E-4D51-B500-1025016927D9}
		{5E5DA221-FBD5-415D-B521-0BEF59AD24A5} = {0065D30F-FB0E-4D51-B500-1025016927D9}
		{44710730-9426-49E8-822A-4A5ACC6FF4EE} = {0065D30F-FB0E-4D51-B500-1025016927D9}
		{028FBDBE-E25F-46BB-8C28-A32D7938CE2B} = {0065D30F-FB0E-4D51-B500-1025016927D9}
		{AC3DB1D8-25B5-4BFF-ABFA-25AD90611836} = {0065D30F-FB0E-4D51-B500-1025016927D9}
		{ECC62635-0319-44F3-993E-75BA8FC6F150} = {0065D30F-FB0E-4D51-B500-1025016927D9}
		{77E47844-BD84-4439-90F0-4FD698D2DC3F} = {0065D30F-FB0E-4D51-B500-1025016927D9}
		{91663BF6-5537-47A5-8B35-B3BFC307A4A9} = {0065D30F-FB0E-4D51-B500-1025016927D9}
		{BE654F42-8EA1-48B0-B901-9823E17062CA} = {0065D30F-FB0E-4D51-B500-1025016927D9}
		{C3415CD0-62AA-4E1B-9DB7-C8CDEE2CC625} = {0065D30F-FB0E-4D51-B500-1025016927D9}
		{9D3780AF-92CE-480F-A815-0D0E9CE61AB3} = {0065D30F-FB0E-4D51-B500-1025016927D9}
		{D0D2C43A-693F-47FB-8380-F7A7EE69642C} = {0065D30F-FB0E-4D51-B500-1025016927D9}
		{0E9BF3FB-E640-4895-82C6-8FC9F32F95DB} = {0065D30F-FB0E-4D51-B500-1025016927D9}
		{CB6FE6D5-5D42-4E95-A365-41304BA931C7} = {0065D30F-FB0E-4D51-B500-1025016927D9}
		{C47DBD66-BFF5-43B3-9293-EC48C06AADE3} = {0065D30F-FB0E-4D51-B500-1025016927D9}
		{EF933948-E8F5-4B57-9A7B-1C92BEBCA670} = {0065D30F-FB0E-4D51-B500-1025016927D9}
		{82A17DB8-06B1-420A-8374-B9347D6AB6BE} = {0065D30F-FB0E-4D51-B500-1025016927D9}
		{1253B726-E0C6-4664-B78B-7CE258C55FCF} = {0065D30F-FB0E-4D51-B500-1025016927D9}
	EndGlobalSection
EndGlobal
